
Microsoft Visual Studio Solution File, Format Version 12.00
# Visual Studio Version 17
VisualStudioVersion = 17.4.33213.308
MinimumVisualStudioVersion = 10.0.40219.1
Project("{2150E333-8FDC-42A3-9474-1A3956D46DE8}") = "FrontEnd", "FrontEnd", "{B6D7FBC5-5C00-441F-9CD1-35715086AC68}"
EndProject
Project("{FAE04EC0-301F-11D3-BF4B-00C04F79EFBC}") = "Manago.Web", "Manago.Web\Manago.Web.csproj", "{F48D9390-C3F9-4A17-892A-8B4AE6AABD65}"
EndProject
Project("{2150E333-8FDC-42A3-9474-1A3956D46DE8}") = "Services", "Services", "{29AD9538-84BE-430B-BB37-F2FFBC4548B0}"
EndProject
Project("{FAE04EC0-301F-11D3-BF4B-00C04F79EFBC}") = "Mango.Services.ProductAPI", "Mango.Services.Product\Mango.Services.ProductAPI.csproj", "{2B89C765-8A8F-4CE1-B5CF-494BCB6C4234}"
EndProject
Global
	GlobalSection(SolutionConfigurationPlatforms) = preSolution
		Debug|Any CPU = Debug|Any CPU
		Release|Any CPU = Release|Any CPU
	EndGlobalSection
	GlobalSection(ProjectConfigurationPlatforms) = postSolution
		{F48D9390-C3F9-4A17-892A-8B4AE6AABD65}.Debug|Any CPU.ActiveCfg = Debug|Any CPU
		{F48D9390-C3F9-4A17-892A-8B4AE6AABD65}.Debug|Any CPU.Build.0 = Debug|Any CPU
		{F48D9390-C3F9-4A17-892A-8B4AE6AABD65}.Release|Any CPU.ActiveCfg = Release|Any CPU
		{F48D9390-C3F9-4A17-892A-8B4AE6AABD65}.Release|Any CPU.Build.0 = Release|Any CPU
		{2B89C765-8A8F-4CE1-B5CF-494BCB6C4234}.Debug|Any CPU.ActiveCfg = Debug|Any CPU
		{2B89C765-8A8F-4CE1-B5CF-494BCB6C4234}.Debug|Any CPU.Build.0 = Debug|Any CPU
		{2B89C765-8A8F-4CE1-B5CF-494BCB6C4234}.Release|Any CPU.ActiveCfg = Release|Any CPU
		{2B89C765-8A8F-4CE1-B5CF-494BCB6C4234}.Release|Any CPU.Build.0 = Release|Any CPU
	EndGlobalSection
	GlobalSection(SolutionProperties) = preSolution
		HideSolutionNode = FALSE
	EndGlobalSection
	GlobalSection(NestedProjects) = preSolution
		{F48D9390-C3F9-4A17-892A-8B4AE6AABD65} = {B6D7FBC5-5C00-441F-9CD1-35715086AC68}
		{2B89C765-8A8F-4CE1-B5CF-494BCB6C4234} = {29AD9538-84BE-430B-BB37-F2FFBC4548B0}
	EndGlobalSection
	GlobalSection(ExtensibilityGlobals) = postSolution
		SolutionGuid = {1069EAEC-69BD-47E0-82EA-9552E5DE9E3E}
	EndGlobalSection
EndGlobal
